{
  "version": 4,
  "terraform_version": "1.11.4",
  "serial": 224,
  "lineage": "52743137-5c1c-50e2-26ac-6e97fe573b38",
  "outputs": {},
  "resources": [
    {
      "mode": "managed",
      "type": "azurerm_resource_group",
      "name": "dev",
      "provider": "provider[\"registry.terraform.io/hashicorp/azurerm\"]",
      "instances": [
        {
          "schema_version": 0,
          "attributes": {
            "id": "/subscriptions/bfd3e04f-5944-40b1-b6ea-274490375b48/resourceGroups/Medilync-DevRG",
            "location": "westeurope",
            "managed_by": "",
            "name": "Medilync-DevRG",
            "tags": {},
            "timeouts": null
          },
          "sensitive_attributes": [],
          "private": "eyJlMmJmYjczMC1lY2FhLTExZTYtOGY4OC0zNDM2M2JjN2M0YzAiOnsiY3JlYXRlIjo1NDAwMDAwMDAwMDAwLCJkZWxldGUiOjU0MDAwMDAwMDAwMDAsInJlYWQiOjMwMDAwMDAwMDAwMCwidXBkYXRlIjo1NDAwMDAwMDAwMDAwfX0="
        }
      ]
    },
    {
      "mode": "managed",
      "type": "azurerm_resource_group",
      "name": "infra",
      "provider": "provider[\"registry.terraform.io/hashicorp/azurerm\"]",
      "instances": [
        {
          "schema_version": 0,
          "attributes": {
            "id": "/subscriptions/bfd3e04f-5944-40b1-b6ea-274490375b48/resourceGroups/Medilync-InfraRG",
            "location": "westeurope",
            "managed_by": "",
            "name": "Medilync-InfraRG",
            "tags": {},
            "timeouts": null
          },
          "sensitive_attributes": [],
          "private": "eyJlMmJmYjczMC1lY2FhLTExZTYtOGY4OC0zNDM2M2JjN2M0YzAiOnsiY3JlYXRlIjo1NDAwMDAwMDAwMDAwLCJkZWxldGUiOjU0MDAwMDAwMDAwMDAsInJlYWQiOjMwMDAwMDAwMDAwMCwidXBkYXRlIjo1NDAwMDAwMDAwMDAwfX0="
        }
      ]
    },
    {
      "mode": "managed",
      "type": "azurerm_resource_group",
      "name": "prod",
      "provider": "provider[\"registry.terraform.io/hashicorp/azurerm\"]",
      "instances": [
        {
          "schema_version": 0,
          "attributes": {
            "id": "/subscriptions/bfd3e04f-5944-40b1-b6ea-274490375b48/resourceGroups/Medilync-ProdRG",
            "location": "westeurope",
            "managed_by": "",
            "name": "Medilync-ProdRG",
            "tags": {},
            "timeouts": null
          },
          "sensitive_attributes": [],
          "private": "eyJlMmJmYjczMC1lY2FhLTExZTYtOGY4OC0zNDM2M2JjN2M0YzAiOnsiY3JlYXRlIjo1NDAwMDAwMDAwMDAwLCJkZWxldGUiOjU0MDAwMDAwMDAwMDAsInJlYWQiOjMwMDAwMDAwMDAwMCwidXBkYXRlIjo1NDAwMDAwMDAwMDAwfX0="
        }
      ]
    },
    {
      "module": "module.bastion",
      "mode": "managed",
      "type": "azurerm_bastion_host",
      "name": "this",
      "provider": "provider[\"registry.terraform.io/hashicorp/azurerm\"]",
      "instances": [
        {
          "schema_version": 0,
          "attributes": {
            "copy_paste_enabled": true,
            "dns_name": "bst-9c3d659d-9503-4112-b3dc-7a6af00b7dd0.bastion.azure.com",
            "file_copy_enabled": false,
            "id": "/subscriptions/bfd3e04f-5944-40b1-b6ea-274490375b48/resourceGroups/Medilync-ProdRG/providers/Microsoft.Network/bastionHosts/medilync-bastion",
            "ip_configuration": [
              {
                "name": "configuration",
                "public_ip_address_id": "/subscriptions/bfd3e04f-5944-40b1-b6ea-274490375b48/resourceGroups/Medilync-ProdRG/providers/Microsoft.Network/publicIPAddresses/bastion-ip",
                "subnet_id": "/subscriptions/bfd3e04f-5944-40b1-b6ea-274490375b48/resourceGroups/Medilync-ProdRG/providers/Microsoft.Network/virtualNetworks/medilync-vnet/subnets/AzureBastionSubnet"
              }
            ],
            "ip_connect_enabled": false,
            "kerberos_enabled": false,
            "location": "westeurope",
            "name": "medilync-bastion",
            "resource_group_name": "Medilync-ProdRG",
            "scale_units": 2,
            "shareable_link_enabled": false,
            "sku": "Basic",
            "tags": null,
            "timeouts": null,
            "tunneling_enabled": false,
            "virtual_network_id": ""
          },
          "sensitive_attributes": [],
          "private": "eyJlMmJmYjczMC1lY2FhLTExZTYtOGY4OC0zNDM2M2JjN2M0YzAiOnsiY3JlYXRlIjoxODAwMDAwMDAwMDAwLCJkZWxldGUiOjE4MDAwMDAwMDAwMDAsInJlYWQiOjMwMDAwMDAwMDAwMCwidXBkYXRlIjoxODAwMDAwMDAwMDAwfX0=",
          "dependencies": [
            "azurerm_resource_group.prod",
            "module.bastion.azurerm_public_ip.bastion_ip",
            "module.bastion.azurerm_subnet.bastion",
            "module.network.azurerm_subnet.this",
            "module.network.azurerm_subnet_network_security_group_association.assoc",
            "module.network.azurerm_virtual_network.this",
            "module.nsg.azurerm_network_security_group.this"
          ]
        }
      ]
    },
    {
      "module": "module.bastion",
      "mode": "managed",
      "type": "azurerm_public_ip",
      "name": "bastion_ip",
      "provider": "provider[\"registry.terraform.io/hashicorp/azurerm\"]",
      "instances": [
        {
          "schema_version": 0,
          "attributes": {
            "allocation_method": "Static",
            "ddos_protection_mode": "VirtualNetworkInherited",
            "ddos_protection_plan_id": null,
            "domain_name_label": null,
            "edge_zone": "",
            "fqdn": null,
            "id": "/subscriptions/bfd3e04f-5944-40b1-b6ea-274490375b48/resourceGroups/Medilync-ProdRG/providers/Microsoft.Network/publicIPAddresses/bastion-ip",
            "idle_timeout_in_minutes": 4,
            "ip_address": "51.137.205.25",
            "ip_tags": {},
            "ip_version": "IPv4",
            "location": "westeurope",
            "name": "bastion-ip",
            "public_ip_prefix_id": null,
            "resource_group_name": "Medilync-ProdRG",
            "reverse_fqdn": null,
            "sku": "Standard",
            "sku_tier": "Regional",
            "tags": {},
            "timeouts": null,
            "zones": []
          },
          "sensitive_attributes": [],
          "private": "eyJlMmJmYjczMC1lY2FhLTExZTYtOGY4OC0zNDM2M2JjN2M0YzAiOnsiY3JlYXRlIjoxODAwMDAwMDAwMDAwLCJkZWxldGUiOjE4MDAwMDAwMDAwMDAsInJlYWQiOjMwMDAwMDAwMDAwMCwidXBkYXRlIjoxODAwMDAwMDAwMDAwfX0=",
          "dependencies": [
            "azurerm_resource_group.prod",
            "module.network.azurerm_subnet.this",
            "module.network.azurerm_subnet_network_security_group_association.assoc",
            "module.network.azurerm_virtual_network.this",
            "module.nsg.azurerm_network_security_group.this"
          ]
        }
      ]
    },
    {
      "module": "module.bastion",
      "mode": "managed",
      "type": "azurerm_subnet",
      "name": "bastion",
      "provider": "provider[\"registry.terraform.io/hashicorp/azurerm\"]",
      "instances": [
        {
          "schema_version": 0,
          "attributes": {
            "address_prefixes": [
              "10.0.255.0/27"
            ],
            "default_outbound_access_enabled": true,
            "delegation": [],
            "enforce_private_link_endpoint_network_policies": false,
            "enforce_private_link_service_network_policies": false,
            "id": "/subscriptions/bfd3e04f-5944-40b1-b6ea-274490375b48/resourceGroups/Medilync-ProdRG/providers/Microsoft.Network/virtualNetworks/medilync-vnet/subnets/AzureBastionSubnet",
            "name": "AzureBastionSubnet",
            "private_endpoint_network_policies": "Enabled",
            "private_endpoint_network_policies_enabled": true,
            "private_link_service_network_policies_enabled": true,
            "resource_group_name": "Medilync-ProdRG",
            "service_endpoint_policy_ids": null,
            "service_endpoints": null,
            "timeouts": null,
            "virtual_network_name": "medilync-vnet"
          },
          "sensitive_attributes": [],
          "private": "eyJlMmJmYjczMC1lY2FhLTExZTYtOGY4OC0zNDM2M2JjN2M0YzAiOnsiY3JlYXRlIjoxODAwMDAwMDAwMDAwLCJkZWxldGUiOjE4MDAwMDAwMDAwMDAsInJlYWQiOjMwMDAwMDAwMDAwMCwidXBkYXRlIjoxODAwMDAwMDAwMDAwfX0=",
          "dependencies": [
            "azurerm_resource_group.prod",
            "module.network.azurerm_subnet.this",
            "module.network.azurerm_subnet_network_security_group_association.assoc",
            "module.network.azurerm_virtual_network.this",
            "module.nsg.azurerm_network_security_group.this"
          ]
        }
      ]
    },
    {
      "module": "module.compute",
      "mode": "managed",
      "type": "azurerm_network_interface",
      "name": "nic",
      "provider": "provider[\"registry.terraform.io/hashicorp/azurerm\"]",
      "instances": [
        {
          "index_key": "db01",
          "schema_version": 0,
          "attributes": {
            "accelerated_networking_enabled": false,
            "applied_dns_servers": [],
            "auxiliary_mode": "",
            "auxiliary_sku": "",
            "dns_servers": [],
            "edge_zone": "",
            "enable_accelerated_networking": false,
            "enable_ip_forwarding": false,
            "id": "/subscriptions/bfd3e04f-5944-40b1-b6ea-274490375b48/resourceGroups/Medilync-ProdRG/providers/Microsoft.Network/networkInterfaces/db01-nic",
            "internal_dns_name_label": "",
            "internal_domain_name_suffix": "qxvhmoyhpfzundxxzgdxafwc1g.ax.internal.cloudapp.net",
            "ip_configuration": [
              {
                "gateway_load_balancer_frontend_ip_configuration_id": "",
                "name": "internal",
                "primary": true,
                "private_ip_address": "10.0.1.4",
                "private_ip_address_allocation": "Dynamic",
                "private_ip_address_version": "IPv4",
                "public_ip_address_id": "",
                "subnet_id": "/subscriptions/bfd3e04f-5944-40b1-b6ea-274490375b48/resourceGroups/Medilync-ProdRG/providers/Microsoft.Network/virtualNetworks/medilync-vnet/subnets/internal"
              }
            ],
            "ip_forwarding_enabled": false,
            "location": "westeurope",
            "mac_address": "7C-1E-52-5E-12-F5",
            "name": "db01-nic",
            "private_ip_address": "10.0.1.4",
            "private_ip_addresses": [
              "10.0.1.4"
            ],
            "resource_group_name": "Medilync-ProdRG",
            "tags": {},
            "timeouts": null,
            "virtual_machine_id": "/subscriptions/bfd3e04f-5944-40b1-b6ea-274490375b48/resourceGroups/Medilync-ProdRG/providers/Microsoft.Compute/virtualMachines/db01"
          },
          "sensitive_attributes": [],
          "private": "eyJlMmJmYjczMC1lY2FhLTExZTYtOGY4OC0zNDM2M2JjN2M0YzAiOnsiY3JlYXRlIjoxODAwMDAwMDAwMDAwLCJkZWxldGUiOjE4MDAwMDAwMDAwMDAsInJlYWQiOjMwMDAwMDAwMDAwMCwidXBkYXRlIjoxODAwMDAwMDAwMDAwfX0=",
          "dependencies": [
            "azurerm_resource_group.dev",
            "azurerm_resource_group.prod",
            "module.compute.azurerm_public_ip.pip",
            "module.network.azurerm_subnet.this",
            "module.network.azurerm_virtual_network.this"
          ]
        },
        {
          "index_key": "dev01",
          "schema_version": 0,
          "attributes": {
            "accelerated_networking_enabled": false,
            "applied_dns_servers": [],
            "auxiliary_mode": "",
            "auxiliary_sku": "",
            "dns_servers": [],
            "edge_zone": "",
            "enable_accelerated_networking": false,
            "enable_ip_forwarding": false,
            "id": "/subscriptions/bfd3e04f-5944-40b1-b6ea-274490375b48/resourceGroups/Medilync-DevRG/providers/Microsoft.Network/networkInterfaces/dev01-nic",
            "internal_dns_name_label": "",
            "internal_domain_name_suffix": "qxvhmoyhpfzundxxzgdxafwc1g.ax.internal.cloudapp.net",
            "ip_configuration": [
              {
                "gateway_load_balancer_frontend_ip_configuration_id": "",
                "name": "internal",
                "primary": true,
                "private_ip_address": "10.0.2.4",
                "private_ip_address_allocation": "Dynamic",
                "private_ip_address_version": "IPv4",
                "public_ip_address_id": "",
                "subnet_id": "/subscriptions/bfd3e04f-5944-40b1-b6ea-274490375b48/resourceGroups/Medilync-ProdRG/providers/Microsoft.Network/virtualNetworks/medilync-vnet/subnets/dev"
              }
            ],
            "ip_forwarding_enabled": false,
            "location": "westeurope",
            "mac_address": "60-45-BD-8F-C8-9A",
            "name": "dev01-nic",
            "private_ip_address": "10.0.2.4",
            "private_ip_addresses": [
              "10.0.2.4"
            ],
            "resource_group_name": "Medilync-DevRG",
            "tags": {},
            "timeouts": null,
            "virtual_machine_id": "/subscriptions/bfd3e04f-5944-40b1-b6ea-274490375b48/resourceGroups/Medilync-DevRG/providers/Microsoft.Compute/virtualMachines/dev01"
          },
          "sensitive_attributes": [],
          "private": "eyJlMmJmYjczMC1lY2FhLTExZTYtOGY4OC0zNDM2M2JjN2M0YzAiOnsiY3JlYXRlIjoxODAwMDAwMDAwMDAwLCJkZWxldGUiOjE4MDAwMDAwMDAwMDAsInJlYWQiOjMwMDAwMDAwMDAwMCwidXBkYXRlIjoxODAwMDAwMDAwMDAwfX0=",
          "dependencies": [
            "azurerm_resource_group.dev",
            "azurerm_resource_group.prod",
            "module.compute.azurerm_public_ip.pip",
            "module.network.azurerm_subnet.this",
            "module.network.azurerm_virtual_network.this"
          ]
        },
        {
          "index_key": "web01",
          "schema_version": 0,
          "attributes": {
            "accelerated_networking_enabled": false,
            "applied_dns_servers": [],
            "auxiliary_mode": "",
            "auxiliary_sku": "",
            "dns_servers": [],
            "edge_zone": "",
            "enable_accelerated_networking": false,
            "enable_ip_forwarding": false,
            "id": "/subscriptions/bfd3e04f-5944-40b1-b6ea-274490375b48/resourceGroups/Medilync-ProdRG/providers/Microsoft.Network/networkInterfaces/web01-nic",
            "internal_dns_name_label": "",
            "internal_domain_name_suffix": "qxvhmoyhpfzundxxzgdxafwc1g.ax.internal.cloudapp.net",
            "ip_configuration": [
              {
                "gateway_load_balancer_frontend_ip_configuration_id": "",
                "name": "internal",
                "primary": true,
                "private_ip_address": "10.0.0.4",
                "private_ip_address_allocation": "Dynamic",
                "private_ip_address_version": "IPv4",
                "public_ip_address_id": "/subscriptions/bfd3e04f-5944-40b1-b6ea-274490375b48/resourceGroups/Medilync-ProdRG/providers/Microsoft.Network/publicIPAddresses/web01-pip",
                "subnet_id": "/subscriptions/bfd3e04f-5944-40b1-b6ea-274490375b48/resourceGroups/Medilync-ProdRG/providers/Microsoft.Network/virtualNetworks/medilync-vnet/subnets/dmz"
              }
            ],
            "ip_forwarding_enabled": false,
            "location": "westeurope",
            "mac_address": "7C-ED-8D-0D-07-00",
            "name": "web01-nic",
            "private_ip_address": "10.0.0.4",
            "private_ip_addresses": [
              "10.0.0.4"
            ],
            "resource_group_name": "Medilync-ProdRG",
            "tags": {},
            "timeouts": null,
            "virtual_machine_id": "/subscriptions/bfd3e04f-5944-40b1-b6ea-274490375b48/resourceGroups/Medilync-ProdRG/providers/Microsoft.Compute/virtualMachines/web01"
          },
          "sensitive_attributes": [],
          "private": "eyJlMmJmYjczMC1lY2FhLTExZTYtOGY4OC0zNDM2M2JjN2M0YzAiOnsiY3JlYXRlIjoxODAwMDAwMDAwMDAwLCJkZWxldGUiOjE4MDAwMDAwMDAwMDAsInJlYWQiOjMwMDAwMDAwMDAwMCwidXBkYXRlIjoxODAwMDAwMDAwMDAwfX0=",
          "dependencies": [
            "azurerm_resource_group.dev",
            "azurerm_resource_group.prod",
            "module.compute.azurerm_public_ip.pip",
            "module.network.azurerm_subnet.this",
            "module.network.azurerm_virtual_network.this"
          ]
        }
      ]
    },
    {
      "module": "module.compute",
      "mode": "managed",
      "type": "azurerm_public_ip",
      "name": "pip",
      "provider": "provider[\"registry.terraform.io/hashicorp/azurerm\"]",
      "instances": [
        {
          "index_key": "web01",
          "schema_version": 0,
          "attributes": {
            "allocation_method": "Static",
            "ddos_protection_mode": "VirtualNetworkInherited",
            "ddos_protection_plan_id": null,
            "domain_name_label": null,
            "edge_zone": "",
            "fqdn": null,
            "id": "/subscriptions/bfd3e04f-5944-40b1-b6ea-274490375b48/resourceGroups/Medilync-ProdRG/providers/Microsoft.Network/publicIPAddresses/web01-pip",
            "idle_timeout_in_minutes": 4,
            "ip_address": "40.119.130.230",
            "ip_tags": {},
            "ip_version": "IPv4",
            "location": "westeurope",
            "name": "web01-pip",
            "public_ip_prefix_id": null,
            "resource_group_name": "Medilync-ProdRG",
            "reverse_fqdn": null,
            "sku": "Basic",
            "sku_tier": "Regional",
            "tags": {},
            "timeouts": null,
            "zones": []
          },
          "sensitive_attributes": [],
          "private": "eyJlMmJmYjczMC1lY2FhLTExZTYtOGY4OC0zNDM2M2JjN2M0YzAiOnsiY3JlYXRlIjoxODAwMDAwMDAwMDAwLCJkZWxldGUiOjE4MDAwMDAwMDAwMDAsInJlYWQiOjMwMDAwMDAwMDAwMCwidXBkYXRlIjoxODAwMDAwMDAwMDAwfX0=",
          "dependencies": [
            "azurerm_resource_group.dev",
            "azurerm_resource_group.prod",
            "module.network.azurerm_subnet.this",
            "module.network.azurerm_virtual_network.this"
          ]
        }
      ]
    },
    {
      "module": "module.compute",
      "mode": "managed",
      "type": "azurerm_windows_virtual_machine",
      "name": "vm",
      "provider": "provider[\"registry.terraform.io/hashicorp/azurerm\"]",
      "instances": [
        {
          "index_key": "db01",
          "schema_version": 0,
          "attributes": {
            "additional_capabilities": [],
            "additional_unattend_content": [],
            "admin_password": "P@ssword123456!",
            "admin_username": "azureuser",
            "allow_extension_operations": true,
            "availability_set_id": "",
            "boot_diagnostics": [],
            "bypass_platform_safety_checks_on_user_schedule_enabled": false,
            "capacity_reservation_group_id": "",
            "computer_name": "db01",
            "custom_data": null,
            "dedicated_host_group_id": "",
            "dedicated_host_id": "",
            "disk_controller_type": "",
            "edge_zone": "",
            "enable_automatic_updates": true,
            "encryption_at_host_enabled": false,
            "eviction_policy": "",
            "extensions_time_budget": "PT1H30M",
            "gallery_application": [],
            "hotpatching_enabled": false,
            "id": "/subscriptions/bfd3e04f-5944-40b1-b6ea-274490375b48/resourceGroups/Medilync-ProdRG/providers/Microsoft.Compute/virtualMachines/db01",
            "identity": [],
            "license_type": "",
            "location": "westeurope",
            "max_bid_price": -1,
            "name": "db01",
            "network_interface_ids": [
              "/subscriptions/bfd3e04f-5944-40b1-b6ea-274490375b48/resourceGroups/Medilync-ProdRG/providers/Microsoft.Network/networkInterfaces/db01-nic"
            ],
            "os_disk": [
              {
                "caching": "ReadWrite",
                "diff_disk_settings": [],
                "disk_encryption_set_id": "",
                "disk_size_gb": 127,
                "name": "db01-osdisk",
                "secure_vm_disk_encryption_set_id": "",
                "security_encryption_type": "",
                "storage_account_type": "Standard_LRS",
                "write_accelerator_enabled": false
              }
            ],
            "os_image_notification": [],
            "patch_assessment_mode": "ImageDefault",
            "patch_mode": "AutomaticByOS",
            "plan": [],
            "platform_fault_domain": -1,
            "priority": "Regular",
            "private_ip_address": "10.0.1.4",
            "private_ip_addresses": [
              "10.0.1.4"
            ],
            "provision_vm_agent": true,
            "proximity_placement_group_id": "",
            "public_ip_address": "",
            "public_ip_addresses": [],
            "reboot_setting": "",
            "resource_group_name": "Medilync-ProdRG",
            "secret": [],
            "secure_boot_enabled": false,
            "size": "Standard_B1s",
            "source_image_id": "",
            "source_image_reference": [
              {
                "offer": "WindowsServer",
                "publisher": "MicrosoftWindowsServer",
                "sku": "2019-Datacenter",
                "version": "latest"
              }
            ],
            "tags": {},
            "termination_notification": [],
            "timeouts": null,
            "timezone": "",
            "user_data": "",
            "virtual_machine_id": "f3289709-c42a-456e-a15e-7fe9880a5a13",
            "virtual_machine_scale_set_id": "",
            "vm_agent_platform_updates_enabled": true,
            "vtpm_enabled": false,
            "winrm_listener": [],
            "zone": ""
          },
          "sensitive_attributes": [
            [
              {
                "type": "get_attr",
                "value": "admin_password"
              }
            ],
            [
              {
                "type": "get_attr",
                "value": "custom_data"
              }
            ]
          ],
          "private": "eyJlMmJmYjczMC1lY2FhLTExZTYtOGY4OC0zNDM2M2JjN2M0YzAiOnsiY3JlYXRlIjoyNzAwMDAwMDAwMDAwLCJkZWxldGUiOjI3MDAwMDAwMDAwMDAsInJlYWQiOjMwMDAwMDAwMDAwMCwidXBkYXRlIjoyNzAwMDAwMDAwMDAwfX0=",
          "dependencies": [
            "azurerm_resource_group.dev",
            "azurerm_resource_group.prod",
            "module.compute.azurerm_network_interface.nic",
            "module.compute.azurerm_public_ip.pip",
            "module.network.azurerm_subnet.this",
            "module.network.azurerm_virtual_network.this"
          ]
        },
        {
          "index_key": "dev01",
          "schema_version": 0,
          "attributes": {
            "additional_capabilities": [],
            "additional_unattend_content": [],
            "admin_password": "P@ssword123456!",
            "admin_username": "azureuser",
            "allow_extension_operations": true,
            "availability_set_id": "",
            "boot_diagnostics": [],
            "bypass_platform_safety_checks_on_user_schedule_enabled": false,
            "capacity_reservation_group_id": "",
            "computer_name": "dev01",
            "custom_data": null,
            "dedicated_host_group_id": "",
            "dedicated_host_id": "",
            "disk_controller_type": "",
            "edge_zone": "",
            "enable_automatic_updates": true,
            "encryption_at_host_enabled": false,
            "eviction_policy": "",
            "extensions_time_budget": "PT1H30M",
            "gallery_application": [],
            "hotpatching_enabled": false,
            "id": "/subscriptions/bfd3e04f-5944-40b1-b6ea-274490375b48/resourceGroups/Medilync-DevRG/providers/Microsoft.Compute/virtualMachines/dev01",
            "identity": [],
            "license_type": "",
            "location": "westeurope",
            "max_bid_price": -1,
            "name": "dev01",
            "network_interface_ids": [
              "/subscriptions/bfd3e04f-5944-40b1-b6ea-274490375b48/resourceGroups/Medilync-DevRG/providers/Microsoft.Network/networkInterfaces/dev01-nic"
            ],
            "os_disk": [
              {
                "caching": "ReadWrite",
                "diff_disk_settings": [],
                "disk_encryption_set_id": "",
                "disk_size_gb": 127,
                "name": "dev01-osdisk",
                "secure_vm_disk_encryption_set_id": "",
                "security_encryption_type": "",
                "storage_account_type": "Standard_LRS",
                "write_accelerator_enabled": false
              }
            ],
            "os_image_notification": [],
            "patch_assessment_mode": "ImageDefault",
            "patch_mode": "AutomaticByOS",
            "plan": [],
            "platform_fault_domain": -1,
            "priority": "Regular",
            "private_ip_address": "10.0.2.4",
            "private_ip_addresses": [
              "10.0.2.4"
            ],
            "provision_vm_agent": true,
            "proximity_placement_group_id": "",
            "public_ip_address": "",
            "public_ip_addresses": [],
            "reboot_setting": "",
            "resource_group_name": "Medilync-DevRG",
            "secret": [],
            "secure_boot_enabled": false,
            "size": "Standard_B1s",
            "source_image_id": "",
            "source_image_reference": [
              {
                "offer": "WindowsServer",
                "publisher": "MicrosoftWindowsServer",
                "sku": "2019-Datacenter",
                "version": "latest"
              }
            ],
            "tags": {},
            "termination_notification": [],
            "timeouts": null,
            "timezone": "",
            "user_data": "",
            "virtual_machine_id": "4acb353c-6b1a-49b4-8c6a-65171a167694",
            "virtual_machine_scale_set_id": "",
            "vm_agent_platform_updates_enabled": true,
            "vtpm_enabled": false,
            "winrm_listener": [],
            "zone": ""
          },
          "sensitive_attributes": [
            [
              {
                "type": "get_attr",
                "value": "admin_password"
              }
            ],
            [
              {
                "type": "get_attr",
                "value": "custom_data"
              }
            ]
          ],
          "private": "eyJlMmJmYjczMC1lY2FhLTExZTYtOGY4OC0zNDM2M2JjN2M0YzAiOnsiY3JlYXRlIjoyNzAwMDAwMDAwMDAwLCJkZWxldGUiOjI3MDAwMDAwMDAwMDAsInJlYWQiOjMwMDAwMDAwMDAwMCwidXBkYXRlIjoyNzAwMDAwMDAwMDAwfX0=",
          "dependencies": [
            "azurerm_resource_group.dev",
            "azurerm_resource_group.prod",
            "module.compute.azurerm_network_interface.nic",
            "module.compute.azurerm_public_ip.pip",
            "module.network.azurerm_subnet.this",
            "module.network.azurerm_virtual_network.this"
          ]
        },
        {
          "index_key": "web01",
          "schema_version": 0,
          "attributes": {
            "additional_capabilities": [],
            "additional_unattend_content": [],
            "admin_password": "P@ssword123456!",
            "admin_username": "azureuser",
            "allow_extension_operations": true,
            "availability_set_id": "",
            "boot_diagnostics": [],
            "bypass_platform_safety_checks_on_user_schedule_enabled": false,
            "capacity_reservation_group_id": "",
            "computer_name": "web01",
            "custom_data": null,
            "dedicated_host_group_id": "",
            "dedicated_host_id": "",
            "disk_controller_type": "",
            "edge_zone": "",
            "enable_automatic_updates": true,
            "encryption_at_host_enabled": false,
            "eviction_policy": "",
            "extensions_time_budget": "PT1H30M",
            "gallery_application": [],
            "hotpatching_enabled": false,
            "id": "/subscriptions/bfd3e04f-5944-40b1-b6ea-274490375b48/resourceGroups/Medilync-ProdRG/providers/Microsoft.Compute/virtualMachines/web01",
            "identity": [],
            "license_type": "",
            "location": "westeurope",
            "max_bid_price": -1,
            "name": "web01",
            "network_interface_ids": [
              "/subscriptions/bfd3e04f-5944-40b1-b6ea-274490375b48/resourceGroups/Medilync-ProdRG/providers/Microsoft.Network/networkInterfaces/web01-nic"
            ],
            "os_disk": [
              {
                "caching": "ReadWrite",
                "diff_disk_settings": [],
                "disk_encryption_set_id": "",
                "disk_size_gb": 127,
                "name": "web01-osdisk",
                "secure_vm_disk_encryption_set_id": "",
                "security_encryption_type": "",
                "storage_account_type": "Standard_LRS",
                "write_accelerator_enabled": false
              }
            ],
            "os_image_notification": [],
            "patch_assessment_mode": "ImageDefault",
            "patch_mode": "AutomaticByOS",
            "plan": [],
            "platform_fault_domain": -1,
            "priority": "Regular",
            "private_ip_address": "10.0.0.4",
            "private_ip_addresses": [
              "10.0.0.4"
            ],
            "provision_vm_agent": true,
            "proximity_placement_group_id": "",
            "public_ip_address": "40.119.130.230",
            "public_ip_addresses": [
              "40.119.130.230"
            ],
            "reboot_setting": "",
            "resource_group_name": "Medilync-ProdRG",
            "secret": [],
            "secure_boot_enabled": false,
            "size": "Standard_B1s",
            "source_image_id": "",
            "source_image_reference": [
              {
                "offer": "WindowsServer",
                "publisher": "MicrosoftWindowsServer",
                "sku": "2019-Datacenter",
                "version": "latest"
              }
            ],
            "tags": {},
            "termination_notification": [],
            "timeouts": null,
            "timezone": "",
            "user_data": "",
            "virtual_machine_id": "68c371ae-4d42-4aa7-9609-32c03891dd3f",
            "virtual_machine_scale_set_id": "",
            "vm_agent_platform_updates_enabled": true,
            "vtpm_enabled": false,
            "winrm_listener": [],
            "zone": ""
          },
          "sensitive_attributes": [
            [
              {
                "type": "get_attr",
                "value": "admin_password"
              }
            ],
            [
              {
                "type": "get_attr",
                "value": "custom_data"
              }
            ]
          ],
          "private": "eyJlMmJmYjczMC1lY2FhLTExZTYtOGY4OC0zNDM2M2JjN2M0YzAiOnsiY3JlYXRlIjoyNzAwMDAwMDAwMDAwLCJkZWxldGUiOjI3MDAwMDAwMDAwMDAsInJlYWQiOjMwMDAwMDAwMDAwMCwidXBkYXRlIjoyNzAwMDAwMDAwMDAwfX0=",
          "dependencies": [
            "azurerm_resource_group.dev",
            "azurerm_resource_group.prod",
            "module.compute.azurerm_network_interface.nic",
            "module.compute.azurerm_public_ip.pip",
            "module.network.azurerm_subnet.this",
            "module.network.azurerm_virtual_network.this"
          ]
        }
      ]
    },
    {
      "module": "module.iam",
      "mode": "managed",
      "type": "azuread_group",
      "name": "groups",
      "provider": "provider[\"registry.terraform.io/hashicorp/azuread\"]",
      "instances": [
        {
          "index_key": "Medilync-Admin",
          "schema_version": 0,
          "attributes": {
            "administrative_unit_ids": [],
            "assignable_to_role": false,
            "auto_subscribe_new_members": false,
            "behaviors": [],
            "description": "",
            "display_name": "Medilync-Admin",
            "dynamic_membership": [],
            "external_senders_allowed": false,
            "hide_from_address_lists": false,
            "hide_from_outlook_clients": false,
            "id": "9f52d7f4-17ec-490d-9d7a-da2f328ef8a1",
            "mail": "",
            "mail_enabled": false,
            "mail_nickname": "11bdc945-6",
            "members": [],
            "object_id": "9f52d7f4-17ec-490d-9d7a-da2f328ef8a1",
            "onpremises_domain_name": "",
            "onpremises_group_type": "",
            "onpremises_netbios_name": "",
            "onpremises_sam_account_name": "",
            "onpremises_security_identifier": "",
            "onpremises_sync_enabled": false,
            "owners": [
              "281febbe-2b54-4e27-a683-fb98510eb97a"
            ],
            "preferred_language": "",
            "prevent_duplicate_names": false,
            "provisioning_options": [],
            "proxy_addresses": [],
            "security_enabled": true,
            "theme": "",
            "timeouts": null,
            "types": [],
            "visibility": "",
            "writeback_enabled": false
          },
          "sensitive_attributes": [],
          "private": "eyJlMmJmYjczMC1lY2FhLTExZTYtOGY4OC0zNDM2M2JjN2M0YzAiOnsiY3JlYXRlIjoxMjAwMDAwMDAwMDAwLCJkZWxldGUiOjMwMDAwMDAwMDAwMCwicmVhZCI6MzAwMDAwMDAwMDAwLCJ1cGRhdGUiOjEyMDAwMDAwMDAwMDB9fQ=="
        },
        {
          "index_key": "Medilync-Dev",
          "schema_version": 0,
          "attributes": {
            "administrative_unit_ids": [],
            "assignable_to_role": false,
            "auto_subscribe_new_members": false,
            "behaviors": [],
            "description": "",
            "display_name": "Medilync-Dev",
            "dynamic_membership": [],
            "external_senders_allowed": false,
            "hide_from_address_lists": false,
            "hide_from_outlook_clients": false,
            "id": "2e3ec21f-e6b0-49a5-a70d-c2d343626641",
            "mail": "",
            "mail_enabled": false,
            "mail_nickname": "ade44a47-1",
            "members": [],
            "object_id": "2e3ec21f-e6b0-49a5-a70d-c2d343626641",
            "onpremises_domain_name": "",
            "onpremises_group_type": "",
            "onpremises_netbios_name": "",
            "onpremises_sam_account_name": "",
            "onpremises_security_identifier": "",
            "onpremises_sync_enabled": false,
            "owners": [
              "281febbe-2b54-4e27-a683-fb98510eb97a"
            ],
            "preferred_language": "",
            "prevent_duplicate_names": false,
            "provisioning_options": [],
            "proxy_addresses": [],
            "security_enabled": true,
            "theme": "",
            "timeouts": null,
            "types": [],
            "visibility": "",
            "writeback_enabled": false
          },
          "sensitive_attributes": [],
          "private": "eyJlMmJmYjczMC1lY2FhLTExZTYtOGY4OC0zNDM2M2JjN2M0YzAiOnsiY3JlYXRlIjoxMjAwMDAwMDAwMDAwLCJkZWxldGUiOjMwMDAwMDAwMDAwMCwicmVhZCI6MzAwMDAwMDAwMDAwLCJ1cGRhdGUiOjEyMDAwMDAwMDAwMDB9fQ=="
        },
        {
          "index_key": "Medilync-Finance",
          "schema_version": 0,
          "attributes": {
            "administrative_unit_ids": [],
            "assignable_to_role": false,
            "auto_subscribe_new_members": false,
            "behaviors": [],
            "description": "",
            "display_name": "Medilync-Finance",
            "dynamic_membership": [],
            "external_senders_allowed": false,
            "hide_from_address_lists": false,
            "hide_from_outlook_clients": false,
            "id": "12f792d4-795c-471c-94e9-5f8e5e4e07f0",
            "mail": "",
            "mail_enabled": false,
            "mail_nickname": "00ea9407-a",
            "members": [],
            "object_id": "12f792d4-795c-471c-94e9-5f8e5e4e07f0",
            "onpremises_domain_name": "",
            "onpremises_group_type": "",
            "onpremises_netbios_name": "",
            "onpremises_sam_account_name": "",
            "onpremises_security_identifier": "",
            "onpremises_sync_enabled": false,
            "owners": [
              "281febbe-2b54-4e27-a683-fb98510eb97a"
            ],
            "preferred_language": "",
            "prevent_duplicate_names": false,
            "provisioning_options": [],
            "proxy_addresses": [],
            "security_enabled": true,
            "theme": "",
            "timeouts": null,
            "types": [],
            "visibility": "",
            "writeback_enabled": false
          },
          "sensitive_attributes": [],
          "private": "eyJlMmJmYjczMC1lY2FhLTExZTYtOGY4OC0zNDM2M2JjN2M0YzAiOnsiY3JlYXRlIjoxMjAwMDAwMDAwMDAwLCJkZWxldGUiOjMwMDAwMDAwMDAwMCwicmVhZCI6MzAwMDAwMDAwMDAwLCJ1cGRhdGUiOjEyMDAwMDAwMDAwMDB9fQ=="
        },
        {
          "index_key": "Medilync-Healthcare",
          "schema_version": 0,
          "attributes": {
            "administrative_unit_ids": [],
            "assignable_to_role": false,
            "auto_subscribe_new_members": false,
            "behaviors": [],
            "description": "",
            "display_name": "Medilync-Healthcare",
            "dynamic_membership": [],
            "external_senders_allowed": false,
            "hide_from_address_lists": false,
            "hide_from_outlook_clients": false,
            "id": "8e93d4a8-6567-44f5-a1b3-ba2368e32e32",
            "mail": "",
            "mail_enabled": false,
            "mail_nickname": "1be0ae1f-b",
            "members": [],
            "object_id": "8e93d4a8-6567-44f5-a1b3-ba2368e32e32",
            "onpremises_domain_name": "",
            "onpremises_group_type": "",
            "onpremises_netbios_name": "",
            "onpremises_sam_account_name": "",
            "onpremises_security_identifier": "",
            "onpremises_sync_enabled": false,
            "owners": [
              "281febbe-2b54-4e27-a683-fb98510eb97a"
            ],
            "preferred_language": "",
            "prevent_duplicate_names": false,
            "provisioning_options": [],
            "proxy_addresses": [],
            "security_enabled": true,
            "theme": "",
            "timeouts": null,
            "types": [],
            "visibility": "",
            "writeback_enabled": false
          },
          "sensitive_attributes": [],
          "private": "eyJlMmJmYjczMC1lY2FhLTExZTYtOGY4OC0zNDM2M2JjN2M0YzAiOnsiY3JlYXRlIjoxMjAwMDAwMDAwMDAwLCJkZWxldGUiOjMwMDAwMDAwMDAwMCwicmVhZCI6MzAwMDAwMDAwMDAwLCJ1cGRhdGUiOjEyMDAwMDAwMDAwMDB9fQ=="
        },
        {
          "index_key": "Medilync-Nurse",
          "schema_version": 0,
          "attributes": {
            "administrative_unit_ids": [],
            "assignable_to_role": false,
            "auto_subscribe_new_members": false,
            "behaviors": [],
            "description": "",
            "display_name": "Medilync-Nurse",
            "dynamic_membership": [],
            "external_senders_allowed": false,
            "hide_from_address_lists": false,
            "hide_from_outlook_clients": false,
            "id": "265a4052-9828-4fa4-b376-349e3fb8e634",
            "mail": "",
            "mail_enabled": false,
            "mail_nickname": "b2609bac-7",
            "members": [],
            "object_id": "265a4052-9828-4fa4-b376-349e3fb8e634",
            "onpremises_domain_name": "",
            "onpremises_group_type": "",
            "onpremises_netbios_name": "",
            "onpremises_sam_account_name": "",
            "onpremises_security_identifier": "",
            "onpremises_sync_enabled": false,
            "owners": [
              "281febbe-2b54-4e27-a683-fb98510eb97a"
            ],
            "preferred_language": "",
            "prevent_duplicate_names": false,
            "provisioning_options": [],
            "proxy_addresses": [],
            "security_enabled": true,
            "theme": "",
            "timeouts": null,
            "types": [],
            "visibility": "",
            "writeback_enabled": false
          },
          "sensitive_attributes": [],
          "private": "eyJlMmJmYjczMC1lY2FhLTExZTYtOGY4OC0zNDM2M2JjN2M0YzAiOnsiY3JlYXRlIjoxMjAwMDAwMDAwMDAwLCJkZWxldGUiOjMwMDAwMDAwMDAwMCwicmVhZCI6MzAwMDAwMDAwMDAwLCJ1cGRhdGUiOjEyMDAwMDAwMDAwMDB9fQ=="
        }
      ]
    },
    {
      "module": "module.iam",
      "mode": "managed",
      "type": "azurerm_role_assignment",
      "name": "assignments",
      "provider": "provider[\"registry.terraform.io/hashicorp/azurerm\"]",
      "instances": [
        {
          "index_key": "Medilync-Admin-0",
          "schema_version": 0,
          "attributes": {
            "condition": "",
            "condition_version": "",
            "delegated_managed_identity_resource_id": "",
            "description": "",
            "id": "/subscriptions/bfd3e04f-5944-40b1-b6ea-274490375b48/resourceGroups/Medilync-ProdRG/providers/Microsoft.Authorization/roleAssignments/b0ed7652-e8ae-a3a3-efaf-61d6603d2dab",
            "name": "b0ed7652-e8ae-a3a3-efaf-61d6603d2dab",
            "principal_id": "9f52d7f4-17ec-490d-9d7a-da2f328ef8a1",
            "principal_type": "Group",
            "role_definition_id": "/subscriptions/bfd3e04f-5944-40b1-b6ea-274490375b48/providers/Microsoft.Authorization/roleDefinitions/8e3af657-a8ff-443c-a75c-2fe8c4bcb635",
            "role_definition_name": "Owner",
            "scope": "/subscriptions/bfd3e04f-5944-40b1-b6ea-274490375b48/resourceGroups/Medilync-ProdRG",
            "skip_service_principal_aad_check": null,
            "timeouts": null
          },
          "sensitive_attributes": [],
          "private": "eyJlMmJmYjczMC1lY2FhLTExZTYtOGY4OC0zNDM2M2JjN2M0YzAiOnsiY3JlYXRlIjoxODAwMDAwMDAwMDAwLCJkZWxldGUiOjE4MDAwMDAwMDAwMDAsInJlYWQiOjMwMDAwMDAwMDAwMH19",
          "dependencies": [
            "azurerm_resource_group.dev",
            "azurerm_resource_group.infra",
            "azurerm_resource_group.prod",
            "module.iam.azuread_group.groups"
          ]
        },
        {
          "index_key": "Medilync-Admin-1",
          "schema_version": 0,
          "attributes": {
            "condition": "",
            "condition_version": "",
            "delegated_managed_identity_resource_id": "",
            "description": "",
            "id": "/subscriptions/bfd3e04f-5944-40b1-b6ea-274490375b48/resourceGroups/Medilync-InfraRG/providers/Microsoft.Authorization/roleAssignments/a1b02472-084d-bc60-2269-3589285ce16a",
            "name": "a1b02472-084d-bc60-2269-3589285ce16a",
            "principal_id": "9f52d7f4-17ec-490d-9d7a-da2f328ef8a1",
            "principal_type": "Group",
            "role_definition_id": "/subscriptions/bfd3e04f-5944-40b1-b6ea-274490375b48/providers/Microsoft.Authorization/roleDefinitions/8e3af657-a8ff-443c-a75c-2fe8c4bcb635",
            "role_definition_name": "Owner",
            "scope": "/subscriptions/bfd3e04f-5944-40b1-b6ea-274490375b48/resourceGroups/Medilync-InfraRG",
            "skip_service_principal_aad_check": null,
            "timeouts": null
          },
          "sensitive_attributes": [],
          "private": "eyJlMmJmYjczMC1lY2FhLTExZTYtOGY4OC0zNDM2M2JjN2M0YzAiOnsiY3JlYXRlIjoxODAwMDAwMDAwMDAwLCJkZWxldGUiOjE4MDAwMDAwMDAwMDAsInJlYWQiOjMwMDAwMDAwMDAwMH19",
          "dependencies": [
            "azurerm_resource_group.dev",
            "azurerm_resource_group.infra",
            "azurerm_resource_group.prod",
            "module.iam.azuread_group.groups"
          ]
        },
        {
          "index_key": "Medilync-Admin-2",
          "schema_version": 0,
          "attributes": {
            "condition": "",
            "condition_version": "",
            "delegated_managed_identity_resource_id": "",
            "description": "",
            "id": "/subscriptions/bfd3e04f-5944-40b1-b6ea-274490375b48/resourceGroups/Medilync-DevRG/providers/Microsoft.Authorization/roleAssignments/fb60e0c7-79d5-2c8b-7809-1424af6bb7ff",
            "name": "fb60e0c7-79d5-2c8b-7809-1424af6bb7ff",
            "principal_id": "9f52d7f4-17ec-490d-9d7a-da2f328ef8a1",
            "principal_type": "Group",
            "role_definition_id": "/subscriptions/bfd3e04f-5944-40b1-b6ea-274490375b48/providers/Microsoft.Authorization/roleDefinitions/8e3af657-a8ff-443c-a75c-2fe8c4bcb635",
            "role_definition_name": "Owner",
            "scope": "/subscriptions/bfd3e04f-5944-40b1-b6ea-274490375b48/resourceGroups/Medilync-DevRG",
            "skip_service_principal_aad_check": null,
            "timeouts": null
          },
          "sensitive_attributes": [],
          "private": "eyJlMmJmYjczMC1lY2FhLTExZTYtOGY4OC0zNDM2M2JjN2M0YzAiOnsiY3JlYXRlIjoxODAwMDAwMDAwMDAwLCJkZWxldGUiOjE4MDAwMDAwMDAwMDAsInJlYWQiOjMwMDAwMDAwMDAwMH19",
          "dependencies": [
            "azurerm_resource_group.dev",
            "azurerm_resource_group.infra",
            "azurerm_resource_group.prod",
            "module.iam.azuread_group.groups"
          ]
        },
        {
          "index_key": "Medilync-Dev-0",
          "schema_version": 0,
          "attributes": {
            "condition": "",
            "condition_version": "",
            "delegated_managed_identity_resource_id": "",
            "description": "",
            "id": "/subscriptions/bfd3e04f-5944-40b1-b6ea-274490375b48/resourceGroups/Medilync-DevRG/providers/Microsoft.Authorization/roleAssignments/40b676e6-1f6b-cbe5-5260-d1770ac2c9f3",
            "name": "40b676e6-1f6b-cbe5-5260-d1770ac2c9f3",
            "principal_id": "2e3ec21f-e6b0-49a5-a70d-c2d343626641",
            "principal_type": "Group",
            "role_definition_id": "/subscriptions/bfd3e04f-5944-40b1-b6ea-274490375b48/providers/Microsoft.Authorization/roleDefinitions/b24988ac-6180-42a0-ab88-20f7382dd24c",
            "role_definition_name": "Contributor",
            "scope": "/subscriptions/bfd3e04f-5944-40b1-b6ea-274490375b48/resourceGroups/Medilync-DevRG",
            "skip_service_principal_aad_check": null,
            "timeouts": null
          },
          "sensitive_attributes": [],
          "private": "eyJlMmJmYjczMC1lY2FhLTExZTYtOGY4OC0zNDM2M2JjN2M0YzAiOnsiY3JlYXRlIjoxODAwMDAwMDAwMDAwLCJkZWxldGUiOjE4MDAwMDAwMDAwMDAsInJlYWQiOjMwMDAwMDAwMDAwMH19",
          "dependencies": [
            "azurerm_resource_group.dev",
            "azurerm_resource_group.infra",
            "azurerm_resource_group.prod",
            "module.iam.azuread_group.groups"
          ]
        },
        {
          "index_key": "Medilync-Finance-0",
          "schema_version": 0,
          "attributes": {
            "condition": "",
            "condition_version": "",
            "delegated_managed_identity_resource_id": "",
            "description": "",
            "id": "/subscriptions/bfd3e04f-5944-40b1-b6ea-274490375b48/resourceGroups/Medilync-InfraRG/providers/Microsoft.Authorization/roleAssignments/ea8f4571-5c26-2f0a-bea1-6c25c2e6846d",
            "name": "ea8f4571-5c26-2f0a-bea1-6c25c2e6846d",
            "principal_id": "12f792d4-795c-471c-94e9-5f8e5e4e07f0",
            "principal_type": "Group",
            "role_definition_id": "/subscriptions/bfd3e04f-5944-40b1-b6ea-274490375b48/providers/Microsoft.Authorization/roleDefinitions/acdd72a7-3385-48ef-bd42-f606fba81ae7",
            "role_definition_name": "Reader",
            "scope": "/subscriptions/bfd3e04f-5944-40b1-b6ea-274490375b48/resourceGroups/Medilync-InfraRG",
            "skip_service_principal_aad_check": null,
            "timeouts": null
          },
          "sensitive_attributes": [],
          "private": "eyJlMmJmYjczMC1lY2FhLTExZTYtOGY4OC0zNDM2M2JjN2M0YzAiOnsiY3JlYXRlIjoxODAwMDAwMDAwMDAwLCJkZWxldGUiOjE4MDAwMDAwMDAwMDAsInJlYWQiOjMwMDAwMDAwMDAwMH19",
          "dependencies": [
            "azurerm_resource_group.dev",
            "azurerm_resource_group.infra",
            "azurerm_resource_group.prod",
            "module.iam.azuread_group.groups"
          ]
        }
      ]
    },
    {
      "module": "module.keyvault",
      "mode": "data",
      "type": "azurerm_client_config",
      "name": "current",
      "provider": "provider[\"registry.terraform.io/hashicorp/azurerm\"]",
      "instances": [
        {
          "schema_version": 0,
          "attributes": {
            "client_id": "04b07795-8ddb-461a-bbee-02f9e1bf7b46",
            "id": "Y2xpZW50Q29uZmlncy9jbGllbnRJZD0wNGIwNzc5NS04ZGRiLTQ2MWEtYmJlZS0wMmY5ZTFiZjdiNDY7b2JqZWN0SWQ9MjgxZmViYmUtMmI1NC00ZTI3LWE2ODMtZmI5ODUxMGViOTdhO3N1YnNjcmlwdGlvbklkPWJmZDNlMDRmLTU5NDQtNDBiMS1iNmVhLTI3NDQ5MDM3NWI0ODt0ZW5hbnRJZD1hOGVkNTIxMC03NzlmLTRmYTAtOWIwYy1hODU2OGVjYjc3ZjM=",
            "object_id": "281febbe-2b54-4e27-a683-fb98510eb97a",
            "subscription_id": "bfd3e04f-5944-40b1-b6ea-274490375b48",
            "tenant_id": "a8ed5210-779f-4fa0-9b0c-a8568ecb77f3",
            "timeouts": null
          },
          "sensitive_attributes": []
        }
      ]
    },
    {
      "module": "module.keyvault",
      "mode": "managed",
      "type": "azurerm_key_vault",
      "name": "this",
      "provider": "provider[\"registry.terraform.io/hashicorp/azurerm\"]",
      "instances": [
        {
          "schema_version": 2,
          "attributes": {
            "access_policy": [
              {
                "application_id": "",
                "certificate_permissions": [],
                "key_permissions": [
                  "Get",
                  "List",
                  "Create",
                  "Delete"
                ],
                "object_id": "281febbe-2b54-4e27-a683-fb98510eb97a",
                "secret_permissions": [
                  "Get",
                  "List",
                  "Set",
                  "Delete"
                ],
                "storage_permissions": [],
                "tenant_id": "a8ed5210-779f-4fa0-9b0c-a8568ecb77f3"
              }
            ],
            "contact": [],
            "enable_rbac_authorization": false,
            "enabled_for_deployment": false,
            "enabled_for_disk_encryption": false,
            "enabled_for_template_deployment": false,
            "id": "/subscriptions/bfd3e04f-5944-40b1-b6ea-274490375b48/resourceGroups/Medilync-InfraRG/providers/Microsoft.KeyVault/vaults/medilync-kv",
            "location": "westeurope",
            "name": "medilync-kv",
            "network_acls": [
              {
                "bypass": "AzureServices",
                "default_action": "Allow",
                "ip_rules": [],
                "virtual_network_subnet_ids": []
              }
            ],
            "public_network_access_enabled": true,
            "purge_protection_enabled": true,
            "resource_group_name": "Medilync-InfraRG",
            "sku_name": "standard",
            "soft_delete_retention_days": 90,
            "tags": {},
            "tenant_id": "a8ed5210-779f-4fa0-9b0c-a8568ecb77f3",
            "timeouts": null,
            "vault_uri": "https://medilync-kv.vault.azure.net/"
          },
          "sensitive_attributes": [],
          "private": "eyJlMmJmYjczMC1lY2FhLTExZTYtOGY4OC0zNDM2M2JjN2M0YzAiOnsiY3JlYXRlIjoxODAwMDAwMDAwMDAwLCJkZWxldGUiOjE4MDAwMDAwMDAwMDAsInJlYWQiOjMwMDAwMDAwMDAwMCwidXBkYXRlIjoxODAwMDAwMDAwMDAwfSwic2NoZW1hX3ZlcnNpb24iOiIyIn0=",
          "dependencies": [
            "azurerm_resource_group.infra",
            "module.keyvault.data.azurerm_client_config.current"
          ]
        }
      ]
    },
    {
      "module": "module.monitoring",
      "mode": "managed",
      "type": "azurerm_log_analytics_workspace",
      "name": "this",
      "provider": "provider[\"registry.terraform.io/hashicorp/azurerm\"]",
      "instances": [
        {
          "schema_version": 3,
          "attributes": {
            "allow_resource_only_permissions": true,
            "cmk_for_query_forced": false,
            "daily_quota_gb": -1,
            "data_collection_rule_id": "",
            "id": "/subscriptions/bfd3e04f-5944-40b1-b6ea-274490375b48/resourceGroups/Medilync-InfraRG/providers/Microsoft.OperationalInsights/workspaces/medilync-loganalytics",
            "identity": [],
            "immediate_data_purge_on_30_days_enabled": false,
            "internet_ingestion_enabled": true,
            "internet_query_enabled": true,
            "local_authentication_disabled": false,
            "location": "westeurope",
            "name": "medilync-loganalytics",
            "primary_shared_key": "q+lt3qce2C0JtSSeRlKtd8gMPAekKoB80ADztWCbBNUBXBcYhkc4BMad6QeVk3HWZZJjVZlkx4NuPXL25vJoaw==",
            "reservation_capacity_in_gb_per_day": null,
            "resource_group_name": "Medilync-InfraRG",
            "retention_in_days": 30,
            "secondary_shared_key": "fIWroHbrA106kdepNq5QTun/z6wS8fcJQOEu5POBNsTZZE/hcyuAAwcuSWjsYv/sOaDEAfnbB1A931iwsaIj2w==",
            "sku": "PerGB2018",
            "tags": {},
            "timeouts": null,
            "workspace_id": "d052db5b-5805-42e3-a3a1-6f08f6def2fb"
          },
          "sensitive_attributes": [
            [
              {
                "type": "get_attr",
                "value": "primary_shared_key"
              }
            ],
            [
              {
                "type": "get_attr",
                "value": "secondary_shared_key"
              }
            ]
          ],
          "private": "eyJlMmJmYjczMC1lY2FhLTExZTYtOGY4OC0zNDM2M2JjN2M0YzAiOnsiY3JlYXRlIjoxODAwMDAwMDAwMDAwLCJkZWxldGUiOjE4MDAwMDAwMDAwMDAsInJlYWQiOjMwMDAwMDAwMDAwMCwidXBkYXRlIjoxODAwMDAwMDAwMDAwfSwic2NoZW1hX3ZlcnNpb24iOiIzIn0=",
          "dependencies": [
            "azurerm_resource_group.infra"
          ]
        }
      ]
    },
    {
      "module": "module.monitoring",
      "mode": "managed",
      "type": "azurerm_monitor_diagnostic_setting",
      "name": "vms",
      "provider": "provider[\"registry.terraform.io/hashicorp/azurerm\"]",
      "instances": [
        {
          "index_key": "db01",
          "schema_version": 0,
          "attributes": {
            "enabled_log": [],
            "eventhub_authorization_rule_id": "",
            "eventhub_name": "",
            "id": "/subscriptions/bfd3e04f-5944-40b1-b6ea-274490375b48/resourceGroups/Medilync-ProdRG/providers/Microsoft.Compute/virtualMachines/db01|diag-db01",
            "log": [],
            "log_analytics_destination_type": "",
            "log_analytics_workspace_id": "/subscriptions/bfd3e04f-5944-40b1-b6ea-274490375b48/resourceGroups/Medilync-InfraRG/providers/Microsoft.OperationalInsights/workspaces/medilync-loganalytics",
            "metric": [
              {
                "category": "AllMetrics",
                "enabled": true,
                "retention_policy": [
                  {
                    "days": 0,
                    "enabled": false
                  }
                ]
              }
            ],
            "name": "diag-db01",
            "partner_solution_id": null,
            "storage_account_id": null,
            "target_resource_id": "/subscriptions/bfd3e04f-5944-40b1-b6ea-274490375b48/resourceGroups/Medilync-ProdRG/providers/Microsoft.Compute/virtualMachines/db01",
            "timeouts": null
          },
          "sensitive_attributes": [],
          "private": "eyJlMmJmYjczMC1lY2FhLTExZTYtOGY4OC0zNDM2M2JjN2M0YzAiOnsiY3JlYXRlIjoxODAwMDAwMDAwMDAwLCJkZWxldGUiOjM2MDAwMDAwMDAwMDAsInJlYWQiOjMwMDAwMDAwMDAwMCwidXBkYXRlIjoxODAwMDAwMDAwMDAwfX0=",
          "dependencies": [
            "azurerm_resource_group.dev",
            "azurerm_resource_group.infra",
            "azurerm_resource_group.prod",
            "module.compute.azurerm_network_interface.nic",
            "module.compute.azurerm_public_ip.pip",
            "module.compute.azurerm_windows_virtual_machine.vm",
            "module.monitoring.azurerm_log_analytics_workspace.this",
            "module.network.azurerm_subnet.this",
            "module.network.azurerm_virtual_network.this"
          ]
        },
        {
          "index_key": "dev01",
          "schema_version": 0,
          "attributes": {
            "enabled_log": [],
            "eventhub_authorization_rule_id": "",
            "eventhub_name": "",
            "id": "/subscriptions/bfd3e04f-5944-40b1-b6ea-274490375b48/resourceGroups/Medilync-DevRG/providers/Microsoft.Compute/virtualMachines/dev01|diag-dev01",
            "log": [],
            "log_analytics_destination_type": "",
            "log_analytics_workspace_id": "/subscriptions/bfd3e04f-5944-40b1-b6ea-274490375b48/resourceGroups/Medilync-InfraRG/providers/Microsoft.OperationalInsights/workspaces/medilync-loganalytics",
            "metric": [
              {
                "category": "AllMetrics",
                "enabled": true,
                "retention_policy": [
                  {
                    "days": 0,
                    "enabled": false
                  }
                ]
              }
            ],
            "name": "diag-dev01",
            "partner_solution_id": null,
            "storage_account_id": null,
            "target_resource_id": "/subscriptions/bfd3e04f-5944-40b1-b6ea-274490375b48/resourceGroups/Medilync-DevRG/providers/Microsoft.Compute/virtualMachines/dev01",
            "timeouts": null
          },
          "sensitive_attributes": [],
          "private": "eyJlMmJmYjczMC1lY2FhLTExZTYtOGY4OC0zNDM2M2JjN2M0YzAiOnsiY3JlYXRlIjoxODAwMDAwMDAwMDAwLCJkZWxldGUiOjM2MDAwMDAwMDAwMDAsInJlYWQiOjMwMDAwMDAwMDAwMCwidXBkYXRlIjoxODAwMDAwMDAwMDAwfX0=",
          "dependencies": [
            "azurerm_resource_group.dev",
            "azurerm_resource_group.infra",
            "azurerm_resource_group.prod",
            "module.compute.azurerm_network_interface.nic",
            "module.compute.azurerm_public_ip.pip",
            "module.compute.azurerm_windows_virtual_machine.vm",
            "module.monitoring.azurerm_log_analytics_workspace.this",
            "module.network.azurerm_subnet.this",
            "module.network.azurerm_virtual_network.this"
          ]
        },
        {
          "index_key": "web01",
          "schema_version": 0,
          "attributes": {
            "enabled_log": [],
            "eventhub_authorization_rule_id": "",
            "eventhub_name": "",
            "id": "/subscriptions/bfd3e04f-5944-40b1-b6ea-274490375b48/resourceGroups/Medilync-ProdRG/providers/Microsoft.Compute/virtualMachines/web01|diag-web01",
            "log": [],
            "log_analytics_destination_type": "",
            "log_analytics_workspace_id": "/subscriptions/bfd3e04f-5944-40b1-b6ea-274490375b48/resourceGroups/Medilync-InfraRG/providers/Microsoft.OperationalInsights/workspaces/medilync-loganalytics",
            "metric": [
              {
                "category": "AllMetrics",
                "enabled": true,
                "retention_policy": [
                  {
                    "days": 0,
                    "enabled": false
                  }
                ]
              }
            ],
            "name": "diag-web01",
            "partner_solution_id": null,
            "storage_account_id": null,
            "target_resource_id": "/subscriptions/bfd3e04f-5944-40b1-b6ea-274490375b48/resourceGroups/Medilync-ProdRG/providers/Microsoft.Compute/virtualMachines/web01",
            "timeouts": null
          },
          "sensitive_attributes": [],
          "private": "eyJlMmJmYjczMC1lY2FhLTExZTYtOGY4OC0zNDM2M2JjN2M0YzAiOnsiY3JlYXRlIjoxODAwMDAwMDAwMDAwLCJkZWxldGUiOjM2MDAwMDAwMDAwMDAsInJlYWQiOjMwMDAwMDAwMDAwMCwidXBkYXRlIjoxODAwMDAwMDAwMDAwfX0=",
          "dependencies": [
            "azurerm_resource_group.dev",
            "azurerm_resource_group.infra",
            "azurerm_resource_group.prod",
            "module.compute.azurerm_network_interface.nic",
            "module.compute.azurerm_public_ip.pip",
            "module.compute.azurerm_windows_virtual_machine.vm",
            "module.monitoring.azurerm_log_analytics_workspace.this",
            "module.network.azurerm_subnet.this",
            "module.network.azurerm_virtual_network.this"
          ]
        }
      ]
    },
    {
      "module": "module.network",
      "mode": "managed",
      "type": "azurerm_subnet",
      "name": "this",
      "provider": "provider[\"registry.terraform.io/hashicorp/azurerm\"]",
      "instances": [
        {
          "index_key": "dev",
          "schema_version": 0,
          "attributes": {
            "address_prefixes": [
              "10.0.2.0/24"
            ],
            "default_outbound_access_enabled": true,
            "delegation": [],
            "enforce_private_link_endpoint_network_policies": false,
            "enforce_private_link_service_network_policies": false,
            "id": "/subscriptions/bfd3e04f-5944-40b1-b6ea-274490375b48/resourceGroups/Medilync-ProdRG/providers/Microsoft.Network/virtualNetworks/medilync-vnet/subnets/dev",
            "name": "dev",
            "private_endpoint_network_policies": "Enabled",
            "private_endpoint_network_policies_enabled": true,
            "private_link_service_network_policies_enabled": true,
            "resource_group_name": "Medilync-ProdRG",
            "service_endpoint_policy_ids": [],
            "service_endpoints": [],
            "timeouts": null,
            "virtual_network_name": "medilync-vnet"
          },
          "sensitive_attributes": [],
          "private": "eyJlMmJmYjczMC1lY2FhLTExZTYtOGY4OC0zNDM2M2JjN2M0YzAiOnsiY3JlYXRlIjoxODAwMDAwMDAwMDAwLCJkZWxldGUiOjE4MDAwMDAwMDAwMDAsInJlYWQiOjMwMDAwMDAwMDAwMCwidXBkYXRlIjoxODAwMDAwMDAwMDAwfX0=",
          "dependencies": [
            "azurerm_resource_group.prod",
            "module.network.azurerm_virtual_network.this"
          ]
        },
        {
          "index_key": "dmz",
          "schema_version": 0,
          "attributes": {
            "address_prefixes": [
              "10.0.0.0/24"
            ],
            "default_outbound_access_enabled": true,
            "delegation": [],
            "enforce_private_link_endpoint_network_policies": false,
            "enforce_private_link_service_network_policies": false,
            "id": "/subscriptions/bfd3e04f-5944-40b1-b6ea-274490375b48/resourceGroups/Medilync-ProdRG/providers/Microsoft.Network/virtualNetworks/medilync-vnet/subnets/dmz",
            "name": "dmz",
            "private_endpoint_network_policies": "Enabled",
            "private_endpoint_network_policies_enabled": true,
            "private_link_service_network_policies_enabled": true,
            "resource_group_name": "Medilync-ProdRG",
            "service_endpoint_policy_ids": [],
            "service_endpoints": [],
            "timeouts": null,
            "virtual_network_name": "medilync-vnet"
          },
          "sensitive_attributes": [],
          "private": "eyJlMmJmYjczMC1lY2FhLTExZTYtOGY4OC0zNDM2M2JjN2M0YzAiOnsiY3JlYXRlIjoxODAwMDAwMDAwMDAwLCJkZWxldGUiOjE4MDAwMDAwMDAwMDAsInJlYWQiOjMwMDAwMDAwMDAwMCwidXBkYXRlIjoxODAwMDAwMDAwMDAwfX0=",
          "dependencies": [
            "azurerm_resource_group.prod",
            "module.network.azurerm_virtual_network.this"
          ]
        },
        {
          "index_key": "internal",
          "schema_version": 0,
          "attributes": {
            "address_prefixes": [
              "10.0.1.0/24"
            ],
            "default_outbound_access_enabled": true,
            "delegation": [],
            "enforce_private_link_endpoint_network_policies": false,
            "enforce_private_link_service_network_policies": false,
            "id": "/subscriptions/bfd3e04f-5944-40b1-b6ea-274490375b48/resourceGroups/Medilync-ProdRG/providers/Microsoft.Network/virtualNetworks/medilync-vnet/subnets/internal",
            "name": "internal",
            "private_endpoint_network_policies": "Enabled",
            "private_endpoint_network_policies_enabled": true,
            "private_link_service_network_policies_enabled": true,
            "resource_group_name": "Medilync-ProdRG",
            "service_endpoint_policy_ids": [],
            "service_endpoints": [],
            "timeouts": null,
            "virtual_network_name": "medilync-vnet"
          },
          "sensitive_attributes": [],
          "private": "eyJlMmJmYjczMC1lY2FhLTExZTYtOGY4OC0zNDM2M2JjN2M0YzAiOnsiY3JlYXRlIjoxODAwMDAwMDAwMDAwLCJkZWxldGUiOjE4MDAwMDAwMDAwMDAsInJlYWQiOjMwMDAwMDAwMDAwMCwidXBkYXRlIjoxODAwMDAwMDAwMDAwfX0=",
          "dependencies": [
            "azurerm_resource_group.prod",
            "module.network.azurerm_virtual_network.this"
          ]
        }
      ]
    },
    {
      "module": "module.network",
      "mode": "managed",
      "type": "azurerm_subnet_network_security_group_association",
      "name": "assoc",
      "provider": "provider[\"registry.terraform.io/hashicorp/azurerm\"]",
      "instances": [
        {
          "index_key": "dev",
          "schema_version": 0,
          "attributes": {
            "id": "/subscriptions/bfd3e04f-5944-40b1-b6ea-274490375b48/resourceGroups/Medilync-ProdRG/providers/Microsoft.Network/virtualNetworks/medilync-vnet/subnets/dev",
            "network_security_group_id": "/subscriptions/bfd3e04f-5944-40b1-b6ea-274490375b48/resourceGroups/Medilync-ProdRG/providers/Microsoft.Network/networkSecurityGroups/dev-nsg",
            "subnet_id": "/subscriptions/bfd3e04f-5944-40b1-b6ea-274490375b48/resourceGroups/Medilync-ProdRG/providers/Microsoft.Network/virtualNetworks/medilync-vnet/subnets/dev",
            "timeouts": null
          },
          "sensitive_attributes": [],
          "private": "eyJlMmJmYjczMC1lY2FhLTExZTYtOGY4OC0zNDM2M2JjN2M0YzAiOnsiY3JlYXRlIjoxODAwMDAwMDAwMDAwLCJkZWxldGUiOjE4MDAwMDAwMDAwMDAsInJlYWQiOjMwMDAwMDAwMDAwMH19",
          "dependencies": [
            "azurerm_resource_group.prod",
            "module.network.azurerm_subnet.this",
            "module.network.azurerm_virtual_network.this",
            "module.nsg.azurerm_network_security_group.this"
          ]
        },
        {
          "index_key": "dmz",
          "schema_version": 0,
          "attributes": {
            "id": "/subscriptions/bfd3e04f-5944-40b1-b6ea-274490375b48/resourceGroups/Medilync-ProdRG/providers/Microsoft.Network/virtualNetworks/medilync-vnet/subnets/dmz",
            "network_security_group_id": "/subscriptions/bfd3e04f-5944-40b1-b6ea-274490375b48/resourceGroups/Medilync-ProdRG/providers/Microsoft.Network/networkSecurityGroups/dmz-nsg",
            "subnet_id": "/subscriptions/bfd3e04f-5944-40b1-b6ea-274490375b48/resourceGroups/Medilync-ProdRG/providers/Microsoft.Network/virtualNetworks/medilync-vnet/subnets/dmz",
            "timeouts": null
          },
          "sensitive_attributes": [],
          "private": "eyJlMmJmYjczMC1lY2FhLTExZTYtOGY4OC0zNDM2M2JjN2M0YzAiOnsiY3JlYXRlIjoxODAwMDAwMDAwMDAwLCJkZWxldGUiOjE4MDAwMDAwMDAwMDAsInJlYWQiOjMwMDAwMDAwMDAwMH19",
          "dependencies": [
            "azurerm_resource_group.prod",
            "module.network.azurerm_subnet.this",
            "module.network.azurerm_virtual_network.this",
            "module.nsg.azurerm_network_security_group.this"
          ]
        },
        {
          "index_key": "internal",
          "schema_version": 0,
          "attributes": {
            "id": "/subscriptions/bfd3e04f-5944-40b1-b6ea-274490375b48/resourceGroups/Medilync-ProdRG/providers/Microsoft.Network/virtualNetworks/medilync-vnet/subnets/internal",
            "network_security_group_id": "/subscriptions/bfd3e04f-5944-40b1-b6ea-274490375b48/resourceGroups/Medilync-ProdRG/providers/Microsoft.Network/networkSecurityGroups/internal-nsg",
            "subnet_id": "/subscriptions/bfd3e04f-5944-40b1-b6ea-274490375b48/resourceGroups/Medilync-ProdRG/providers/Microsoft.Network/virtualNetworks/medilync-vnet/subnets/internal",
            "timeouts": null
          },
          "sensitive_attributes": [],
          "private": "eyJlMmJmYjczMC1lY2FhLTExZTYtOGY4OC0zNDM2M2JjN2M0YzAiOnsiY3JlYXRlIjoxODAwMDAwMDAwMDAwLCJkZWxldGUiOjE4MDAwMDAwMDAwMDAsInJlYWQiOjMwMDAwMDAwMDAwMH19",
          "dependencies": [
            "azurerm_resource_group.prod",
            "module.network.azurerm_subnet.this",
            "module.network.azurerm_virtual_network.this",
            "module.nsg.azurerm_network_security_group.this"
          ]
        }
      ]
    },
    {
      "module": "module.network",
      "mode": "managed",
      "type": "azurerm_virtual_network",
      "name": "this",
      "provider": "provider[\"registry.terraform.io/hashicorp/azurerm\"]",
      "instances": [
        {
          "schema_version": 0,
          "attributes": {
            "address_space": [
              "10.0.0.0/16"
            ],
            "bgp_community": "",
            "ddos_protection_plan": [],
            "dns_servers": [],
            "edge_zone": "",
            "encryption": [],
            "flow_timeout_in_minutes": 0,
            "guid": "3b76ea85-7907-4673-8ef7-c9877016c2de",
            "id": "/subscriptions/bfd3e04f-5944-40b1-b6ea-274490375b48/resourceGroups/Medilync-ProdRG/providers/Microsoft.Network/virtualNetworks/medilync-vnet",
            "location": "westeurope",
            "name": "medilync-vnet",
            "resource_group_name": "Medilync-ProdRG",
            "subnet": [
              {
                "address_prefix": "10.0.0.0/24",
                "id": "/subscriptions/bfd3e04f-5944-40b1-b6ea-274490375b48/resourceGroups/Medilync-ProdRG/providers/Microsoft.Network/virtualNetworks/medilync-vnet/subnets/dmz",
                "name": "dmz",
                "security_group": "/subscriptions/bfd3e04f-5944-40b1-b6ea-274490375b48/resourceGroups/Medilync-ProdRG/providers/Microsoft.Network/networkSecurityGroups/dmz-nsg"
              },
              {
                "address_prefix": "10.0.1.0/24",
                "id": "/subscriptions/bfd3e04f-5944-40b1-b6ea-274490375b48/resourceGroups/Medilync-ProdRG/providers/Microsoft.Network/virtualNetworks/medilync-vnet/subnets/internal",
                "name": "internal",
                "security_group": "/subscriptions/bfd3e04f-5944-40b1-b6ea-274490375b48/resourceGroups/Medilync-ProdRG/providers/Microsoft.Network/networkSecurityGroups/internal-nsg"
              },
              {
                "address_prefix": "10.0.2.0/24",
                "id": "/subscriptions/bfd3e04f-5944-40b1-b6ea-274490375b48/resourceGroups/Medilync-ProdRG/providers/Microsoft.Network/virtualNetworks/medilync-vnet/subnets/dev",
                "name": "dev",
                "security_group": "/subscriptions/bfd3e04f-5944-40b1-b6ea-274490375b48/resourceGroups/Medilync-ProdRG/providers/Microsoft.Network/networkSecurityGroups/dev-nsg"
              }
            ],
            "tags": {},
            "timeouts": null
          },
          "sensitive_attributes": [],
          "private": "eyJlMmJmYjczMC1lY2FhLTExZTYtOGY4OC0zNDM2M2JjN2M0YzAiOnsiY3JlYXRlIjoxODAwMDAwMDAwMDAwLCJkZWxldGUiOjE4MDAwMDAwMDAwMDAsInJlYWQiOjMwMDAwMDAwMDAwMCwidXBkYXRlIjoxODAwMDAwMDAwMDAwfX0=",
          "dependencies": [
            "azurerm_resource_group.prod"
          ]
        }
      ]
    },
    {
      "module": "module.nsg",
      "mode": "managed",
      "type": "azurerm_network_security_group",
      "name": "this",
      "provider": "provider[\"registry.terraform.io/hashicorp/azurerm\"]",
      "instances": [
        {
          "index_key": "dev-nsg",
          "schema_version": 0,
          "attributes": {
            "id": "/subscriptions/bfd3e04f-5944-40b1-b6ea-274490375b48/resourceGroups/Medilync-ProdRG/providers/Microsoft.Network/networkSecurityGroups/dev-nsg",
            "location": "westeurope",
            "name": "dev-nsg",
            "resource_group_name": "Medilync-ProdRG",
            "security_rule": [
              {
                "access": "Allow",
                "description": "",
                "destination_address_prefix": "*",
                "destination_address_prefixes": [],
                "destination_application_security_group_ids": [],
                "destination_port_range": "*",
                "destination_port_ranges": [],
                "direction": "Inbound",
                "name": "Allow-Bastion",
                "priority": 100,
                "protocol": "Tcp",
                "source_address_prefix": "10.0.255.0/27",
                "source_address_prefixes": [],
                "source_application_security_group_ids": [],
                "source_port_range": "*",
                "source_port_ranges": []
              }
            ],
            "tags": {},
            "timeouts": null
          },
          "sensitive_attributes": [],
          "private": "eyJlMmJmYjczMC1lY2FhLTExZTYtOGY4OC0zNDM2M2JjN2M0YzAiOnsiY3JlYXRlIjoxODAwMDAwMDAwMDAwLCJkZWxldGUiOjE4MDAwMDAwMDAwMDAsInJlYWQiOjMwMDAwMDAwMDAwMCwidXBkYXRlIjoxODAwMDAwMDAwMDAwfX0=",
          "dependencies": [
            "azurerm_resource_group.prod"
          ]
        },
        {
          "index_key": "dmz-nsg",
          "schema_version": 0,
          "attributes": {
            "id": "/subscriptions/bfd3e04f-5944-40b1-b6ea-274490375b48/resourceGroups/Medilync-ProdRG/providers/Microsoft.Network/networkSecurityGroups/dmz-nsg",
            "location": "westeurope",
            "name": "dmz-nsg",
            "resource_group_name": "Medilync-ProdRG",
            "security_rule": [
              {
                "access": "Allow",
                "description": "",
                "destination_address_prefix": "*",
                "destination_address_prefixes": [],
                "destination_application_security_group_ids": [],
                "destination_port_range": "443",
                "destination_port_ranges": [],
                "direction": "Inbound",
                "name": "Allow-HTTPS-Inbound",
                "priority": 100,
                "protocol": "Tcp",
                "source_address_prefix": "*",
                "source_address_prefixes": [],
                "source_application_security_group_ids": [],
                "source_port_range": "*",
                "source_port_ranges": []
              }
            ],
            "tags": {},
            "timeouts": null
          },
          "sensitive_attributes": [],
          "private": "eyJlMmJmYjczMC1lY2FhLTExZTYtOGY4OC0zNDM2M2JjN2M0YzAiOnsiY3JlYXRlIjoxODAwMDAwMDAwMDAwLCJkZWxldGUiOjE4MDAwMDAwMDAwMDAsInJlYWQiOjMwMDAwMDAwMDAwMCwidXBkYXRlIjoxODAwMDAwMDAwMDAwfX0=",
          "dependencies": [
            "azurerm_resource_group.prod"
          ]
        },
        {
          "index_key": "internal-nsg",
          "schema_version": 0,
          "attributes": {
            "id": "/subscriptions/bfd3e04f-5944-40b1-b6ea-274490375b48/resourceGroups/Medilync-ProdRG/providers/Microsoft.Network/networkSecurityGroups/internal-nsg",
            "location": "westeurope",
            "name": "internal-nsg",
            "resource_group_name": "Medilync-ProdRG",
            "security_rule": [
              {
                "access": "Allow",
                "description": "",
                "destination_address_prefix": "*",
                "destination_address_prefixes": [],
                "destination_application_security_group_ids": [],
                "destination_port_range": "443",
                "destination_port_ranges": [],
                "direction": "Inbound",
                "name": "Allow-HTTPS-from-DMZ",
                "priority": 100,
                "protocol": "Tcp",
                "source_address_prefix": "10.0.0.0/24",
                "source_address_prefixes": [],
                "source_application_security_group_ids": [],
                "source_port_range": "*",
                "source_port_ranges": []
              }
            ],
            "tags": {},
            "timeouts": null
          },
          "sensitive_attributes": [],
          "private": "eyJlMmJmYjczMC1lY2FhLTExZTYtOGY4OC0zNDM2M2JjN2M0YzAiOnsiY3JlYXRlIjoxODAwMDAwMDAwMDAwLCJkZWxldGUiOjE4MDAwMDAwMDAwMDAsInJlYWQiOjMwMDAwMDAwMDAwMCwidXBkYXRlIjoxODAwMDAwMDAwMDAwfX0=",
          "dependencies": [
            "azurerm_resource_group.prod"
          ]
        }
      ]
    },
    {
      "module": "module.nsg",
      "mode": "managed",
      "type": "azurerm_network_security_rule",
      "name": "rules",
      "provider": "provider[\"registry.terraform.io/hashicorp/azurerm\"]",
      "instances": [
        {
          "index_key": "dev-nsg-Allow-Bastion",
          "schema_version": 0,
          "attributes": {
            "access": "Allow",
            "description": "",
            "destination_address_prefix": "*",
            "destination_address_prefixes": [],
            "destination_application_security_group_ids": [],
            "destination_port_range": "*",
            "destination_port_ranges": [],
            "direction": "Inbound",
            "id": "/subscriptions/bfd3e04f-5944-40b1-b6ea-274490375b48/resourceGroups/Medilync-ProdRG/providers/Microsoft.Network/networkSecurityGroups/dev-nsg/securityRules/Allow-Bastion",
            "name": "Allow-Bastion",
            "network_security_group_name": "dev-nsg",
            "priority": 100,
            "protocol": "Tcp",
            "resource_group_name": "Medilync-ProdRG",
            "source_address_prefix": "10.0.255.0/27",
            "source_address_prefixes": [],
            "source_application_security_group_ids": [],
            "source_port_range": "*",
            "source_port_ranges": [],
            "timeouts": null
          },
          "sensitive_attributes": [],
          "private": "eyJlMmJmYjczMC1lY2FhLTExZTYtOGY4OC0zNDM2M2JjN2M0YzAiOnsiY3JlYXRlIjoxODAwMDAwMDAwMDAwLCJkZWxldGUiOjE4MDAwMDAwMDAwMDAsInJlYWQiOjMwMDAwMDAwMDAwMCwidXBkYXRlIjoxODAwMDAwMDAwMDAwfX0=",
          "dependencies": [
            "azurerm_resource_group.prod",
            "module.nsg.azurerm_network_security_group.this"
          ]
        },
        {
          "index_key": "dmz-nsg-Allow-HTTPS-Inbound",
          "schema_version": 0,
          "attributes": {
            "access": "Allow",
            "description": "",
            "destination_address_prefix": "*",
            "destination_address_prefixes": [],
            "destination_application_security_group_ids": [],
            "destination_port_range": "443",
            "destination_port_ranges": [],
            "direction": "Inbound",
            "id": "/subscriptions/bfd3e04f-5944-40b1-b6ea-274490375b48/resourceGroups/Medilync-ProdRG/providers/Microsoft.Network/networkSecurityGroups/dmz-nsg/securityRules/Allow-HTTPS-Inbound",
            "name": "Allow-HTTPS-Inbound",
            "network_security_group_name": "dmz-nsg",
            "priority": 100,
            "protocol": "Tcp",
            "resource_group_name": "Medilync-ProdRG",
            "source_address_prefix": "*",
            "source_address_prefixes": [],
            "source_application_security_group_ids": [],
            "source_port_range": "*",
            "source_port_ranges": [],
            "timeouts": null
          },
          "sensitive_attributes": [],
          "private": "eyJlMmJmYjczMC1lY2FhLTExZTYtOGY4OC0zNDM2M2JjN2M0YzAiOnsiY3JlYXRlIjoxODAwMDAwMDAwMDAwLCJkZWxldGUiOjE4MDAwMDAwMDAwMDAsInJlYWQiOjMwMDAwMDAwMDAwMCwidXBkYXRlIjoxODAwMDAwMDAwMDAwfX0=",
          "dependencies": [
            "azurerm_resource_group.prod",
            "module.nsg.azurerm_network_security_group.this"
          ]
        },
        {
          "index_key": "internal-nsg-Allow-HTTPS-from-DMZ",
          "schema_version": 0,
          "attributes": {
            "access": "Allow",
            "description": "",
            "destination_address_prefix": "*",
            "destination_address_prefixes": [],
            "destination_application_security_group_ids": [],
            "destination_port_range": "443",
            "destination_port_ranges": [],
            "direction": "Inbound",
            "id": "/subscriptions/bfd3e04f-5944-40b1-b6ea-274490375b48/resourceGroups/Medilync-ProdRG/providers/Microsoft.Network/networkSecurityGroups/internal-nsg/securityRules/Allow-HTTPS-from-DMZ",
            "name": "Allow-HTTPS-from-DMZ",
            "network_security_group_name": "internal-nsg",
            "priority": 100,
            "protocol": "Tcp",
            "resource_group_name": "Medilync-ProdRG",
            "source_address_prefix": "10.0.0.0/24",
            "source_address_prefixes": [],
            "source_application_security_group_ids": [],
            "source_port_range": "*",
            "source_port_ranges": [],
            "timeouts": null
          },
          "sensitive_attributes": [],
          "private": "eyJlMmJmYjczMC1lY2FhLTExZTYtOGY4OC0zNDM2M2JjN2M0YzAiOnsiY3JlYXRlIjoxODAwMDAwMDAwMDAwLCJkZWxldGUiOjE4MDAwMDAwMDAwMDAsInJlYWQiOjMwMDAwMDAwMDAwMCwidXBkYXRlIjoxODAwMDAwMDAwMDAwfX0=",
          "dependencies": [
            "azurerm_resource_group.prod",
            "module.nsg.azurerm_network_security_group.this"
          ]
        }
      ]
    }
  ],
  "check_results": null
}
